
Microsoft Visual Studio Solution File, Format Version 12.00
# Visual Studio 14
VisualStudioVersion = 14.0.25123.0
MinimumVisualStudioVersion = 10.0.40219.1
Project("{FAE04EC0-301F-11D3-BF4B-00C04F79EFBC}") = "TumblrThreadTracker", "TumblrThreadTracker\TumblrThreadTracker.csproj", "{1B09B342-72D7-4D2F-A532-130F11BF546D}"
EndProject
Project("{7CF6DF6D-3B04-46F8-A40B-537D21BCA0B4}") = "RPThreadTrackerDocumentation", "RPThreadTrackerDocumentation.shfbproj", "{8772C4E7-DD32-47EB-8087-32B67E814DDF}"
EndProject
Global
	GlobalSection(SolutionConfigurationPlatforms) = preSolution
		Debug|Any CPU = Debug|Any CPU
		Release|Any CPU = Release|Any CPU
		Staging|Any CPU = Staging|Any CPU
	EndGlobalSection
	GlobalSection(ProjectConfigurationPlatforms) = postSolution
		{1B09B342-72D7-4D2F-A532-130F11BF546D}.Debug|Any CPU.ActiveCfg = Debug|Any CPU
		{1B09B342-72D7-4D2F-A532-130F11BF546D}.Debug|Any CPU.Build.0 = Debug|Any CPU
		{1B09B342-72D7-4D2F-A532-130F11BF546D}.Release|Any CPU.ActiveCfg = Release|Any CPU
		{1B09B342-72D7-4D2F-A532-130F11BF546D}.Release|Any CPU.Build.0 = Release|Any CPU
		{1B09B342-72D7-4D2F-A532-130F11BF546D}.Staging|Any CPU.ActiveCfg = Staging|Any CPU
		{1B09B342-72D7-4D2F-A532-130F11BF546D}.Staging|Any CPU.Build.0 = Staging|Any CPU
		{8772C4E7-DD32-47EB-8087-32B67E814DDF}.Debug|Any CPU.ActiveCfg = Debug|Any CPU
		{8772C4E7-DD32-47EB-8087-32B67E814DDF}.Debug|Any CPU.Build.0 = Debug|Any CPU
		{8772C4E7-DD32-47EB-8087-32B67E814DDF}.Release|Any CPU.ActiveCfg = Release|Any CPU
		{8772C4E7-DD32-47EB-8087-32B67E814DDF}.Release|Any CPU.Build.0 = Release|Any CPU
		{8772C4E7-DD32-47EB-8087-32B67E814DDF}.Staging|Any CPU.ActiveCfg = Release|Any CPU
		{8772C4E7-DD32-47EB-8087-32B67E814DDF}.Staging|Any CPU.Build.0 = Release|Any CPU
	EndGlobalSection
	GlobalSection(SolutionProperties) = preSolution
		HideSolutionNode = FALSE
	EndGlobalSection
EndGlobal
