
Microsoft Visual Studio Solution File, Format Version 12.00
# Visual Studio 15
VisualStudioVersion = 15.0.26430.6
MinimumVisualStudioVersion = 10.0.40219.1
Project("{FAE04EC0-301F-11D3-BF4B-00C04F79EFBC}") = "Presentation", "Presentation\Presentation.csproj", "{98257D5C-F4BD-460F-889A-2978EE59844C}"
EndProject
Project("{FAE04EC0-301F-11D3-BF4B-00C04F79EFBC}") = "Application", "Application\Application.csproj", "{60517641-6163-4497-9DDB-012D5B28A3EC}"
EndProject
Project("{FAE04EC0-301F-11D3-BF4B-00C04F79EFBC}") = "Domain", "Domain\Domain.csproj", "{6E50E28B-FCBB-441C-83E4-0F2EC64A8043}"
EndProject
Project("{FAE04EC0-301F-11D3-BF4B-00C04F79EFBC}") = "Infrastructure", "Infrastructure\Infrastructure.csproj", "{0BE8E113-EED0-41E8-B60E-23EFE9EBDD08}"
EndProject
Project("{FAE04EC0-301F-11D3-BF4B-00C04F79EFBC}") = "Persistence", "Persistence\Persistence.csproj", "{B591F0D9-CCE6-47F1-B0C5-DE842B97B1CD}"
EndProject
Project("{FAE04EC0-301F-11D3-BF4B-00C04F79EFBC}") = "Common", "Common\Common.csproj", "{DCF89E99-666D-432B-AAE9-624A9CF1848D}"
EndProject
Global
	GlobalSection(SolutionConfigurationPlatforms) = preSolution
		Debug|Any CPU = Debug|Any CPU
		Release|Any CPU = Release|Any CPU
	EndGlobalSection
	GlobalSection(ProjectConfigurationPlatforms) = postSolution
		{98257D5C-F4BD-460F-889A-2978EE59844C}.Debug|Any CPU.ActiveCfg = Debug|Any CPU
		{98257D5C-F4BD-460F-889A-2978EE59844C}.Debug|Any CPU.Build.0 = Debug|Any CPU
		{98257D5C-F4BD-460F-889A-2978EE59844C}.Release|Any CPU.ActiveCfg = Release|Any CPU
		{98257D5C-F4BD-460F-889A-2978EE59844C}.Release|Any CPU.Build.0 = Release|Any CPU
		{60517641-6163-4497-9DDB-012D5B28A3EC}.Debug|Any CPU.ActiveCfg = Debug|Any CPU
		{60517641-6163-4497-9DDB-012D5B28A3EC}.Debug|Any CPU.Build.0 = Debug|Any CPU
		{60517641-6163-4497-9DDB-012D5B28A3EC}.Release|Any CPU.ActiveCfg = Release|Any CPU
		{60517641-6163-4497-9DDB-012D5B28A3EC}.Release|Any CPU.Build.0 = Release|Any CPU
		{6E50E28B-FCBB-441C-83E4-0F2EC64A8043}.Debug|Any CPU.ActiveCfg = Debug|Any CPU
		{6E50E28B-FCBB-441C-83E4-0F2EC64A8043}.Debug|Any CPU.Build.0 = Debug|Any CPU
		{6E50E28B-FCBB-441C-83E4-0F2EC64A8043}.Release|Any CPU.ActiveCfg = Release|Any CPU
		{6E50E28B-FCBB-441C-83E4-0F2EC64A8043}.Release|Any CPU.Build.0 = Release|Any CPU
		{0BE8E113-EED0-41E8-B60E-23EFE9EBDD08}.Debug|Any CPU.ActiveCfg = Debug|Any CPU
		{0BE8E113-EED0-41E8-B60E-23EFE9EBDD08}.Debug|Any CPU.Build.0 = Debug|Any CPU
		{0BE8E113-EED0-41E8-B60E-23EFE9EBDD08}.Release|Any CPU.ActiveCfg = Release|Any CPU
		{0BE8E113-EED0-41E8-B60E-23EFE9EBDD08}.Release|Any CPU.Build.0 = Release|Any CPU
		{B591F0D9-CCE6-47F1-B0C5-DE842B97B1CD}.Debug|Any CPU.ActiveCfg = Debug|Any CPU
		{B591F0D9-CCE6-47F1-B0C5-DE842B97B1CD}.Debug|Any CPU.Build.0 = Debug|Any CPU
		{B591F0D9-CCE6-47F1-B0C5-DE842B97B1CD}.Release|Any CPU.ActiveCfg = Release|Any CPU
		{B591F0D9-CCE6-47F1-B0C5-DE842B97B1CD}.Release|Any CPU.Build.0 = Release|Any CPU
		{DCF89E99-666D-432B-AAE9-624A9CF1848D}.Debug|Any CPU.ActiveCfg = Debug|Any CPU
		{DCF89E99-666D-432B-AAE9-624A9CF1848D}.Debug|Any CPU.Build.0 = Debug|Any CPU
		{DCF89E99-666D-432B-AAE9-624A9CF1848D}.Release|Any CPU.ActiveCfg = Release|Any CPU
		{DCF89E99-666D-432B-AAE9-624A9CF1848D}.Release|Any CPU.Build.0 = Release|Any CPU
	EndGlobalSection
	GlobalSection(SolutionProperties) = preSolution
		HideSolutionNode = FALSE
	EndGlobalSection
EndGlobal
